
Microsoft Visual Studio Solution File, Format Version 11.00
# Visual C++ Express 2010
Project("{8BC9CEB8-8B4A-11D0-8D11-00A0C91BC942}") = "wxCueFile", "wxCueFile\wxCueFile.vcxproj", "{4C560D24-C00B-49AC-9913-3ABB273E90AE}"
EndProject
Project("{8BC9CEB8-8B4A-11D0-8D11-00A0C91BC942}") = "wxCueChapters", "wxCueChapters\wxCueChapters.vcxproj", "{C4A85D3C-D2FC-4584-9699-276BD86AC3CA}"
EndProject
Project("{8BC9CEB8-8B4A-11D0-8D11-00A0C91BC942}") = "wxEncodingDetection", "wxEncodingDetection\wxEncodingDetection.vcxproj", "{F05808A1-818F-4371-AB84-C8EFB9FD70FF}"
EndProject
Project("{8BC9CEB8-8B4A-11D0-8D11-00A0C91BC942}") = "setup", "setup\setup.vcxproj", "{1F0045C3-20C7-409F-8496-5ECCA62A5217}"
	ProjectSection(ProjectDependencies) = postProject
		{C4A85D3C-D2FC-4584-9699-276BD86AC3CA} = {C4A85D3C-D2FC-4584-9699-276BD86AC3CA}
	EndProjectSection
EndProject
Global
	GlobalSection(SolutionConfigurationPlatforms) = preSolution
		Debug|Any CPU = Debug|Any CPU
		Debug|Mixed Platforms = Debug|Mixed Platforms
		Debug|Win32 = Debug|Win32
		Release|Any CPU = Release|Any CPU
		Release|Mixed Platforms = Release|Mixed Platforms
		Release|Win32 = Release|Win32
	EndGlobalSection
	GlobalSection(ProjectConfigurationPlatforms) = postSolution
		{4C560D24-C00B-49AC-9913-3ABB273E90AE}.Debug|Any CPU.ActiveCfg = Debug|Win32
		{4C560D24-C00B-49AC-9913-3ABB273E90AE}.Debug|Mixed Platforms.ActiveCfg = Debug|Win32
		{4C560D24-C00B-49AC-9913-3ABB273E90AE}.Debug|Mixed Platforms.Build.0 = Debug|Win32
		{4C560D24-C00B-49AC-9913-3ABB273E90AE}.Debug|Win32.ActiveCfg = Debug|Win32
		{4C560D24-C00B-49AC-9913-3ABB273E90AE}.Debug|Win32.Build.0 = Debug|Win32
		{4C560D24-C00B-49AC-9913-3ABB273E90AE}.Release|Any CPU.ActiveCfg = Release|Win32
		{4C560D24-C00B-49AC-9913-3ABB273E90AE}.Release|Mixed Platforms.ActiveCfg = Release|Win32
		{4C560D24-C00B-49AC-9913-3ABB273E90AE}.Release|Mixed Platforms.Build.0 = Release|Win32
		{4C560D24-C00B-49AC-9913-3ABB273E90AE}.Release|Win32.ActiveCfg = Release|Win32
		{4C560D24-C00B-49AC-9913-3ABB273E90AE}.Release|Win32.Build.0 = Release|Win32
		{C4A85D3C-D2FC-4584-9699-276BD86AC3CA}.Debug|Any CPU.ActiveCfg = Debug|Win32
		{C4A85D3C-D2FC-4584-9699-276BD86AC3CA}.Debug|Mixed Platforms.ActiveCfg = Debug|Win32
		{C4A85D3C-D2FC-4584-9699-276BD86AC3CA}.Debug|Mixed Platforms.Build.0 = Debug|Win32
		{C4A85D3C-D2FC-4584-9699-276BD86AC3CA}.Debug|Win32.ActiveCfg = Debug|Win32
		{C4A85D3C-D2FC-4584-9699-276BD86AC3CA}.Debug|Win32.Build.0 = Debug|Win32
		{C4A85D3C-D2FC-4584-9699-276BD86AC3CA}.Release|Any CPU.ActiveCfg = Release|Win32
		{C4A85D3C-D2FC-4584-9699-276BD86AC3CA}.Release|Mixed Platforms.ActiveCfg = Release|Win32
		{C4A85D3C-D2FC-4584-9699-276BD86AC3CA}.Release|Mixed Platforms.Build.0 = Release|Win32
		{C4A85D3C-D2FC-4584-9699-276BD86AC3CA}.Release|Win32.ActiveCfg = Release|Win32
		{C4A85D3C-D2FC-4584-9699-276BD86AC3CA}.Release|Win32.Build.0 = Release|Win32
		{F05808A1-818F-4371-AB84-C8EFB9FD70FF}.Debug|Any CPU.ActiveCfg = Debug|Win32
		{F05808A1-818F-4371-AB84-C8EFB9FD70FF}.Debug|Mixed Platforms.ActiveCfg = Debug|Win32
		{F05808A1-818F-4371-AB84-C8EFB9FD70FF}.Debug|Mixed Platforms.Build.0 = Debug|Win32
		{F05808A1-818F-4371-AB84-C8EFB9FD70FF}.Debug|Win32.ActiveCfg = Debug|Win32
		{F05808A1-818F-4371-AB84-C8EFB9FD70FF}.Debug|Win32.Build.0 = Debug|Win32
		{F05808A1-818F-4371-AB84-C8EFB9FD70FF}.Release|Any CPU.ActiveCfg = Release|Win32
		{F05808A1-818F-4371-AB84-C8EFB9FD70FF}.Release|Mixed Platforms.ActiveCfg = Release|Win32
		{F05808A1-818F-4371-AB84-C8EFB9FD70FF}.Release|Mixed Platforms.Build.0 = Release|Win32
		{F05808A1-818F-4371-AB84-C8EFB9FD70FF}.Release|Win32.ActiveCfg = Release|Win32
		{F05808A1-818F-4371-AB84-C8EFB9FD70FF}.Release|Win32.Build.0 = Release|Win32
		{1F0045C3-20C7-409F-8496-5ECCA62A5217}.Debug|Any CPU.ActiveCfg = Release|Win32
		{1F0045C3-20C7-409F-8496-5ECCA62A5217}.Debug|Mixed Platforms.ActiveCfg = Release|Win32
		{1F0045C3-20C7-409F-8496-5ECCA62A5217}.Debug|Win32.ActiveCfg = Release|Win32
		{1F0045C3-20C7-409F-8496-5ECCA62A5217}.Debug|Win32.Build.0 = Release|Win32
		{1F0045C3-20C7-409F-8496-5ECCA62A5217}.Release|Any CPU.ActiveCfg = Release|Win32
		{1F0045C3-20C7-409F-8496-5ECCA62A5217}.Release|Mixed Platforms.ActiveCfg = Release|Win32
		{1F0045C3-20C7-409F-8496-5ECCA62A5217}.Release|Mixed Platforms.Build.0 = Release|Win32
		{1F0045C3-20C7-409F-8496-5ECCA62A5217}.Release|Win32.ActiveCfg = Release|Win32
		{1F0045C3-20C7-409F-8496-5ECCA62A5217}.Release|Win32.Build.0 = Release|Win32
	EndGlobalSection
	GlobalSection(SolutionProperties) = preSolution
		HideSolutionNode = FALSE
	EndGlobalSection
EndGlobal
