<?xml version="1.0" encoding="utf-8"?>
<Project ToolsVersion="4.0" xmlns="http://schemas.microsoft.com/developer/msbuild/2003">
  <ItemGroup>
    <ClCompile Include="StdWx.cpp">
      <Filter>Source files</Filter>
    </ClCompile>
    <ClCompile Include="wxCueComponent.cpp">
      <Filter>Source files</Filter>
    </ClCompile>
    <ClCompile Include="wxCueSheet.cpp">
      <Filter>Source files</Filter>
    </ClCompile>
    <ClCompile Include="wxCueSheetReader.cpp">
      <Filter>Source files</Filter>
    </ClCompile>
    <ClCompile Include="wxDataFile.cpp">
      <Filter>Source files</Filter>
    </ClCompile>
    <ClCompile Include="wxIndex.cpp">
      <Filter>Source files</Filter>
    </ClCompile>
    <ClCompile Include="wxMediaInfo.cpp">
      <Filter>Source files</Filter>
    </ClCompile>
    <ClCompile Include="wxTrack.cpp">
      <Filter>Source files</Filter>
    </ClCompile>
    <ClCompile Include="wxCueSheetRenderer.cpp">
      <Filter>Source files</Filter>
    </ClCompile>
    <ClCompile Include="wxTextCueSheetRenderer.cpp">
      <Filter>Source files</Filter>
    </ClCompile>
  </ItemGroup>
  <ItemGroup>
    <ClInclude Include="StdWx.h">
      <Filter>Header files</Filter>
    </ClInclude>
    <ClInclude Include="targetver.h">
      <Filter>Header files</Filter>
    </ClInclude>
    <ClInclude Include="..\inc\wxCueComponent.h">
      <Filter>External header files</Filter>
    </ClInclude>
    <ClInclude Include="..\inc\wxCueSheet.h">
      <Filter>External header files</Filter>
    </ClInclude>
    <ClInclude Include="..\inc\wxCueSheetReader.h">
      <Filter>External header files</Filter>
    </ClInclude>
    <ClInclude Include="..\inc\wxDataFile.h">
      <Filter>External header files</Filter>
    </ClInclude>
    <ClInclude Include="..\inc\wxIndex.h">
      <Filter>External header files</Filter>
    </ClInclude>
    <ClInclude Include="..\inc\wxMediaInfo.h">
      <Filter>External header files</Filter>
    </ClInclude>
    <ClInclude Include="..\inc\wxTrack.h">
      <Filter>External header files</Filter>
    </ClInclude>
    <ClInclude Include="..\inc\wxCueSheetRenderer.h">
      <Filter>External header files</Filter>
    </ClInclude>
    <ClInclude Include="..\inc\wxTextCueSheetRenderer.h">
      <Filter>External header files</Filter>
    </ClInclude>
  </ItemGroup>
  <ItemGroup>
    <Filter Include="Header files">
      <UniqueIdentifier>{eaaa8c86-443e-4844-b425-313041b8e074}</UniqueIdentifier>
    </Filter>
    <Filter Include="External header files">
      <UniqueIdentifier>{1860269b-19eb-4214-a7ce-86efbb9e6be1}</UniqueIdentifier>
    </Filter>
    <Filter Include="Source files">
      <UniqueIdentifier>{721b4955-beab-4528-89af-b813c4082910}</UniqueIdentifier>
    </Filter>
  </ItemGroup>
</Project>